
Microsoft Visual Studio Solution File, Format Version 11.00
# Visual Studio 2010
Project("{8BC9CEB8-8B4A-11D0-8D11-00A0C91BC942}") = "PTPS4Master", "PTPS4Master\PTPS4Master.vcxproj", "{0DCEDE5B-8E4C-48F4-958B-A07DBAF71D3D}"
EndProject
Project("{8BC9CEB8-8B4A-11D0-8D11-00A0C91BC942}") = "ConditionTrigger", "..\ConditionTrigger\ConditionTrigger.vcxproj", "{DB30BD55-3A43-42AA-8F38-FD974085EC32}"
EndProject
Project("{8BC9CEB8-8B4A-11D0-8D11-00A0C91BC942}") = "Displayer", "..\Displayer\Displayer.vcxproj", "{FBCDBE27-32C0-4E91-89BB-2F33594CFBAB}"
EndProject
Project("{8BC9CEB8-8B4A-11D0-8D11-00A0C91BC942}") = "JobDispatcher", "..\JobDispatcher\JobDispatcher.vcxproj", "{5B50BE82-D995-4F48-8CF8-0E96DD16550A}"
EndProject
Project("{2150E333-8FDC-42A3-9474-1A3956D46DE8}") = "Master", "Master", "{94E13CC8-8FFA-4691-AE20-39EC4C069D64}"
EndProject
Project("{8BC9CEB8-8B4A-11D0-8D11-00A0C91BC942}") = "JobManager", "..\JobManager\JobManager.vcxproj", "{6E27A322-0887-4693-8F52-99916ED207C8}"
EndProject
Project("{8BC9CEB8-8B4A-11D0-8D11-00A0C91BC942}") = "JobResolver", "..\JobResolver\JobResolver.vcxproj", "{926845E1-D073-4A48-BFF9-DE503D0BD61A}"
EndProject
Project("{8BC9CEB8-8B4A-11D0-8D11-00A0C91BC942}") = "Logger", "..\Logger\Logger.vcxproj", "{B9D89F18-CE7D-4D4A-81AE-79FB2D89EF1F}"
EndProject
Project("{8BC9CEB8-8B4A-11D0-8D11-00A0C91BC942}") = "MsgReceiver", "..\MsgReceiver\MsgReceiver.vcxproj", "{387E310E-1899-4AA0-84D1-ABA5FF2AF561}"
EndProject
Project("{8BC9CEB8-8B4A-11D0-8D11-00A0C91BC942}") = "PTPS_Master", "..\PTPS_Master\PTPS_Master.vcxproj", "{23162E92-0B47-4600-AC44-DAEAACDA99AF}"
EndProject
Project("{2150E333-8FDC-42A3-9474-1A3956D46DE8}") = "Master_Tools", "Master_Tools", "{5540232E-CCDF-4368-9583-3B2D676339A6}"
EndProject
Project("{8BC9CEB8-8B4A-11D0-8D11-00A0C91BC942}") = "CZMQ_Worker", "..\CZMQ_Worker\CZMQ_Worker.vcxproj", "{C9B08E1E-887E-495A-BF87-CD9CF76DB7A1}"
EndProject
Project("{8BC9CEB8-8B4A-11D0-8D11-00A0C91BC942}") = "Supporter_BSH", "..\Supporter_BSH\Supporter_BSH.vcxproj", "{5011052A-79F3-4B0F-85C4-55018F3E7E55}"
EndProject
Project("{8BC9CEB8-8B4A-11D0-8D11-00A0C91BC942}") = "common", "..\common\common.vcxproj", "{D082506B-2874-42B1-9508-4243B7B94B44}"
EndProject
Project("{2150E333-8FDC-42A3-9474-1A3956D46DE8}") = "Dispatcher", "Dispatcher", "{7218F7B5-64C8-45E7-9DBE-08B73E830140}"
EndProject
Project("{8BC9CEB8-8B4A-11D0-8D11-00A0C91BC942}") = "MasterInterfaceMPI", "..\MasterInterfaceMPI\MasterInterfaceMPI.vcxproj", "{26489357-F455-4D1A-A19C-90CCA26BAA25}"
EndProject
Global
	GlobalSection(SolutionConfigurationPlatforms) = preSolution
		Debug|Win32 = Debug|Win32
		Release|Win32 = Release|Win32
	EndGlobalSection
	GlobalSection(ProjectConfigurationPlatforms) = postSolution
		{0DCEDE5B-8E4C-48F4-958B-A07DBAF71D3D}.Debug|Win32.ActiveCfg = Debug|Win32
		{0DCEDE5B-8E4C-48F4-958B-A07DBAF71D3D}.Debug|Win32.Build.0 = Debug|Win32
		{0DCEDE5B-8E4C-48F4-958B-A07DBAF71D3D}.Release|Win32.ActiveCfg = Release|Win32
		{0DCEDE5B-8E4C-48F4-958B-A07DBAF71D3D}.Release|Win32.Build.0 = Release|Win32
		{DB30BD55-3A43-42AA-8F38-FD974085EC32}.Debug|Win32.ActiveCfg = Debug|Win32
		{DB30BD55-3A43-42AA-8F38-FD974085EC32}.Debug|Win32.Build.0 = Debug|Win32
		{DB30BD55-3A43-42AA-8F38-FD974085EC32}.Release|Win32.ActiveCfg = Release|Win32
		{DB30BD55-3A43-42AA-8F38-FD974085EC32}.Release|Win32.Build.0 = Release|Win32
		{FBCDBE27-32C0-4E91-89BB-2F33594CFBAB}.Debug|Win32.ActiveCfg = Debug|Win32
		{FBCDBE27-32C0-4E91-89BB-2F33594CFBAB}.Debug|Win32.Build.0 = Debug|Win32
		{FBCDBE27-32C0-4E91-89BB-2F33594CFBAB}.Release|Win32.ActiveCfg = Release|Win32
		{FBCDBE27-32C0-4E91-89BB-2F33594CFBAB}.Release|Win32.Build.0 = Release|Win32
		{5B50BE82-D995-4F48-8CF8-0E96DD16550A}.Debug|Win32.ActiveCfg = Debug|Win32
		{5B50BE82-D995-4F48-8CF8-0E96DD16550A}.Debug|Win32.Build.0 = Debug|Win32
		{5B50BE82-D995-4F48-8CF8-0E96DD16550A}.Release|Win32.ActiveCfg = Release|Win32
		{5B50BE82-D995-4F48-8CF8-0E96DD16550A}.Release|Win32.Build.0 = Release|Win32
		{6E27A322-0887-4693-8F52-99916ED207C8}.Debug|Win32.ActiveCfg = Debug|Win32
		{6E27A322-0887-4693-8F52-99916ED207C8}.Debug|Win32.Build.0 = Debug|Win32
		{6E27A322-0887-4693-8F52-99916ED207C8}.Release|Win32.ActiveCfg = Release|Win32
		{6E27A322-0887-4693-8F52-99916ED207C8}.Release|Win32.Build.0 = Release|Win32
		{926845E1-D073-4A48-BFF9-DE503D0BD61A}.Debug|Win32.ActiveCfg = Debug|Win32
		{926845E1-D073-4A48-BFF9-DE503D0BD61A}.Debug|Win32.Build.0 = Debug|Win32
		{926845E1-D073-4A48-BFF9-DE503D0BD61A}.Release|Win32.ActiveCfg = Release|Win32
		{926845E1-D073-4A48-BFF9-DE503D0BD61A}.Release|Win32.Build.0 = Release|Win32
		{B9D89F18-CE7D-4D4A-81AE-79FB2D89EF1F}.Debug|Win32.ActiveCfg = Debug|Win32
		{B9D89F18-CE7D-4D4A-81AE-79FB2D89EF1F}.Debug|Win32.Build.0 = Debug|Win32
		{B9D89F18-CE7D-4D4A-81AE-79FB2D89EF1F}.Release|Win32.ActiveCfg = Release|Win32
		{B9D89F18-CE7D-4D4A-81AE-79FB2D89EF1F}.Release|Win32.Build.0 = Release|Win32
		{387E310E-1899-4AA0-84D1-ABA5FF2AF561}.Debug|Win32.ActiveCfg = Debug|Win32
		{387E310E-1899-4AA0-84D1-ABA5FF2AF561}.Debug|Win32.Build.0 = Debug|Win32
		{387E310E-1899-4AA0-84D1-ABA5FF2AF561}.Release|Win32.ActiveCfg = Release|Win32
		{387E310E-1899-4AA0-84D1-ABA5FF2AF561}.Release|Win32.Build.0 = Release|Win32
		{23162E92-0B47-4600-AC44-DAEAACDA99AF}.Debug|Win32.ActiveCfg = Debug|Win32
		{23162E92-0B47-4600-AC44-DAEAACDA99AF}.Debug|Win32.Build.0 = Debug|Win32
		{23162E92-0B47-4600-AC44-DAEAACDA99AF}.Release|Win32.ActiveCfg = Release|Win32
		{23162E92-0B47-4600-AC44-DAEAACDA99AF}.Release|Win32.Build.0 = Release|Win32
		{C9B08E1E-887E-495A-BF87-CD9CF76DB7A1}.Debug|Win32.ActiveCfg = Debug|Win32
		{C9B08E1E-887E-495A-BF87-CD9CF76DB7A1}.Debug|Win32.Build.0 = Debug|Win32
		{C9B08E1E-887E-495A-BF87-CD9CF76DB7A1}.Release|Win32.ActiveCfg = Release|Win32
		{C9B08E1E-887E-495A-BF87-CD9CF76DB7A1}.Release|Win32.Build.0 = Release|Win32
		{5011052A-79F3-4B0F-85C4-55018F3E7E55}.Debug|Win32.ActiveCfg = Debug|Win32
		{5011052A-79F3-4B0F-85C4-55018F3E7E55}.Debug|Win32.Build.0 = Debug|Win32
		{5011052A-79F3-4B0F-85C4-55018F3E7E55}.Release|Win32.ActiveCfg = Release|Win32
		{5011052A-79F3-4B0F-85C4-55018F3E7E55}.Release|Win32.Build.0 = Release|Win32
		{D082506B-2874-42B1-9508-4243B7B94B44}.Debug|Win32.ActiveCfg = Debug|Win32
		{D082506B-2874-42B1-9508-4243B7B94B44}.Debug|Win32.Build.0 = Debug|Win32
		{D082506B-2874-42B1-9508-4243B7B94B44}.Release|Win32.ActiveCfg = Release|Win32
		{D082506B-2874-42B1-9508-4243B7B94B44}.Release|Win32.Build.0 = Release|Win32
		{26489357-F455-4D1A-A19C-90CCA26BAA25}.Debug|Win32.ActiveCfg = Debug|Win32
		{26489357-F455-4D1A-A19C-90CCA26BAA25}.Debug|Win32.Build.0 = Debug|Win32
		{26489357-F455-4D1A-A19C-90CCA26BAA25}.Release|Win32.ActiveCfg = Release|Win32
		{26489357-F455-4D1A-A19C-90CCA26BAA25}.Release|Win32.Build.0 = Release|Win32
	EndGlobalSection
	GlobalSection(SolutionProperties) = preSolution
		HideSolutionNode = FALSE
	EndGlobalSection
	GlobalSection(NestedProjects) = preSolution
		{FBCDBE27-32C0-4E91-89BB-2F33594CFBAB} = {94E13CC8-8FFA-4691-AE20-39EC4C069D64}
		{5B50BE82-D995-4F48-8CF8-0E96DD16550A} = {94E13CC8-8FFA-4691-AE20-39EC4C069D64}
		{DB30BD55-3A43-42AA-8F38-FD974085EC32} = {94E13CC8-8FFA-4691-AE20-39EC4C069D64}
		{6E27A322-0887-4693-8F52-99916ED207C8} = {94E13CC8-8FFA-4691-AE20-39EC4C069D64}
		{926845E1-D073-4A48-BFF9-DE503D0BD61A} = {94E13CC8-8FFA-4691-AE20-39EC4C069D64}
		{B9D89F18-CE7D-4D4A-81AE-79FB2D89EF1F} = {94E13CC8-8FFA-4691-AE20-39EC4C069D64}
		{387E310E-1899-4AA0-84D1-ABA5FF2AF561} = {94E13CC8-8FFA-4691-AE20-39EC4C069D64}
		{23162E92-0B47-4600-AC44-DAEAACDA99AF} = {94E13CC8-8FFA-4691-AE20-39EC4C069D64}
		{C9B08E1E-887E-495A-BF87-CD9CF76DB7A1} = {5540232E-CCDF-4368-9583-3B2D676339A6}
		{5011052A-79F3-4B0F-85C4-55018F3E7E55} = {5540232E-CCDF-4368-9583-3B2D676339A6}
		{26489357-F455-4D1A-A19C-90CCA26BAA25} = {7218F7B5-64C8-45E7-9DBE-08B73E830140}
	EndGlobalSection
EndGlobal
